
Microsoft Visual Studio Solution File, Format Version 12.00
# Visual Studio Version 17
VisualStudioVersion = 17.14.36915.13 d17.14
MinimumVisualStudioVersion = 10.0.40219.1
Project("{2150E333-8FDC-42A3-9474-1A3956D46DE8}") = "_Repo", "_Repo", "{F272C7E7-B2BB-423A-9455-11B38B39A381}"
	ProjectSection(SolutionItems) = preProject
		..\.csharpierignore = ..\.csharpierignore
		..\.editorconfig = ..\.editorconfig
		..\.gitattributes = ..\.gitattributes
		..\.gitignore = ..\.gitignore
		Directory.Build.props = Directory.Build.props
		..\global.json = ..\global.json
		NuGet.config = NuGet.config
		..\README.md = ..\README.md
	EndProjectSection
EndProject
Project("{2150E333-8FDC-42A3-9474-1A3956D46DE8}") = "_Nugets", "_Nugets", "{06233005-CC56-4846-8760-F7AFF5F72F4C}"
EndProject
Project("{2150E333-8FDC-42A3-9474-1A3956D46DE8}") = "Apps", "Apps", "{02EA681E-C7D8-13C7-8484-4AC65E1B71E8}"
EndProject
Project("{2150E333-8FDC-42A3-9474-1A3956D46DE8}") = "Domain", "Domain", "{04170EC0-2478-4DB1-A7DB-D6051D47980F}"
EndProject
Project("{2150E333-8FDC-42A3-9474-1A3956D46DE8}") = "_Tests", "_Tests", "{5C7D55A8-3B7B-409B-971E-3122C1B41690}"
EndProject
Project("{FAE04EC0-301F-11D3-BF4B-00C04F79EFBC}") = "NTS", "NTS\NTS.csproj", "{74A941A8-1508-6AEF-4AAB-8D47AFF5C488}"
EndProject
Project("{FAE04EC0-301F-11D3-BF4B-00C04F79EFBC}") = "NTS.Application", "NTS.Application\NTS.Application.csproj", "{007EEDC6-181B-3BDB-5B13-FEC5B9852297}"
EndProject
Project("{FAE04EC0-301F-11D3-BF4B-00C04F79EFBC}") = "NTS.Blazor", "NTS.Blazor\NTS.Blazor.csproj", "{A5DCACD0-937D-E47B-058A-27E3D4FB3345}"
EndProject
Project("{FAE04EC0-301F-11D3-BF4B-00C04F79EFBC}") = "NTS.Storage", "NTS.Storage\NTS.Storage.csproj", "{8BB4235B-52AD-F414-B630-B5F37362D02F}"
EndProject
Project("{FAE04EC0-301F-11D3-BF4B-00C04F79EFBC}") = "NTS.Domain", "Domain\NTS.Domain\NTS.Domain.csproj", "{221AB4C4-273B-E122-01FA-10DBD45507D6}"
EndProject
Project("{FAE04EC0-301F-11D3-BF4B-00C04F79EFBC}") = "NTS.Domain.Core", "Domain\NTS.Domain.Core\NTS.Domain.Core.csproj", "{C1ED8942-4D75-9D1D-8E92-67DB49516685}"
EndProject
Project("{FAE04EC0-301F-11D3-BF4B-00C04F79EFBC}") = "NTS.Domain.Setup", "Domain\NTS.Domain.Setup\NTS.Domain.Setup.csproj", "{A3AB3712-2509-2669-35AC-53F56EE2B7CE}"
EndProject
Project("{FAE04EC0-301F-11D3-BF4B-00C04F79EFBC}") = "NTS.Domain.Watcher", "Domain\NTS.Domain.Watcher\NTS.Domain.Watcher.csproj", "{D5090B3E-40CF-3B57-B385-2CEAEABEB1AF}"
EndProject
Project("{2150E333-8FDC-42A3-9474-1A3956D46DE8}") = "Judge", "Judge", "{2C1DE028-5379-4E90-8D73-7020BD8FF922}"
EndProject
Project("{2150E333-8FDC-42A3-9474-1A3956D46DE8}") = "Witness", "Witness", "{0B1034D7-3A6A-48F9-BBB3-411A4BA87446}"
EndProject
Project("{2150E333-8FDC-42A3-9474-1A3956D46DE8}") = "Nexus", "Nexus", "{79119FC8-F05F-4218-A46B-5AD800FA29E3}"
EndProject
Project("{FAE04EC0-301F-11D3-BF4B-00C04F79EFBC}") = "NTS.Judge", "Apps\Judge\NTS.Judge\NTS.Judge.csproj", "{3BBFD7F7-5EBB-9FA4-B788-AF45E4960208}"
EndProject
Project("{FAE04EC0-301F-11D3-BF4B-00C04F79EFBC}") = "NTS.Judge.Blazor", "Apps\Judge\NTS.Judge.Blazor\NTS.Judge.Blazor.csproj", "{ACC0C599-B4E1-F21A-DBC8-57A487C321F7}"
EndProject
Project("{FAE04EC0-301F-11D3-BF4B-00C04F79EFBC}") = "NTS.Judge.MAUI", "Apps\Judge\NTS.Judge.MAUI\NTS.Judge.MAUI.csproj", "{83AF25AC-E8A1-7177-6B05-518A4717C909}"
EndProject
Project("{FAE04EC0-301F-11D3-BF4B-00C04F79EFBC}") = "NTS.Nexus.HTTP", "Apps\Nexus\NTS.Nexus.HTTP\NTS.Nexus.HTTP.csproj", "{EDCE524F-4050-3BA1-3881-71AEDCAFB0A7}"
EndProject
Project("{FAE04EC0-301F-11D3-BF4B-00C04F79EFBC}") = "NTS.Nexus.Warp", "Apps\Nexus\NTS.Nexus.Warp\NTS.Nexus.Warp.csproj", "{E66FA455-5DF5-521A-0370-A6CC46640A1E}"
EndProject
Project("{FAE04EC0-301F-11D3-BF4B-00C04F79EFBC}") = "NTS.Witness", "Apps\Witness\NTS.Witness\NTS.Witness.csproj", "{E842970D-48A2-4FB1-4F74-8D70B91DA00B}"
EndProject
Project("{FAE04EC0-301F-11D3-BF4B-00C04F79EFBC}") = "NTS.Witness.Blazor", "Apps\Witness\NTS.Witness.Blazor\NTS.Witness.Blazor.csproj", "{570DD9C4-E2DD-A3DF-5CDA-2C157DFB956B}"
EndProject
Project("{FAE04EC0-301F-11D3-BF4B-00C04F79EFBC}") = "NTS.Witness.Web", "Apps\Witness\NTS.Witness.Web\NTS.Witness.Web.csproj", "{6F19DF71-6B99-9353-E19B-443585A9C8F0}"
EndProject
Project("{FAE04EC0-301F-11D3-BF4B-00C04F79EFBC}") = "Not", "..\nugets\Not\Not.csproj", "{442BC1DE-FF67-A4FE-D759-C77D13FDC05C}"
EndProject
Project("{FAE04EC0-301F-11D3-BF4B-00C04F79EFBC}") = "Not.Application", "..\nugets\Not.Application\Not.Application.csproj", "{7D56ECC6-A704-FC56-C414-8F5851C7B59D}"
EndProject
Project("{FAE04EC0-301F-11D3-BF4B-00C04F79EFBC}") = "Not.Blazor", "..\nugets\Not.Blazor\Not.Blazor.csproj", "{CB2A286C-CAC8-5A03-D986-B436031B72AE}"
EndProject
Project("{FAE04EC0-301F-11D3-BF4B-00C04F79EFBC}") = "Not.Domain", "..\nugets\Not.Domain\Not.Domain.csproj", "{55BAA876-437F-103D-3E76-157945677EE5}"
EndProject
Project("{FAE04EC0-301F-11D3-BF4B-00C04F79EFBC}") = "Not.MAUI", "..\nugets\Not.MAUI\Not.MAUI.csproj", "{FF64199D-F13D-7446-D3B1-B571B254BEDB}"
EndProject
Project("{FAE04EC0-301F-11D3-BF4B-00C04F79EFBC}") = "Not.Storage", "..\nugets\Not.Storage\Not.Storage.csproj", "{5F3D9CA0-B52C-58A3-DDF3-CFAA62251C99}"
EndProject
Project("{FAE04EC0-301F-11D3-BF4B-00C04F79EFBC}") = "Not.Tests", "..\nugets\Not.Tests\Not.Tests.csproj", "{FAA5A641-0440-FAA4-5740-E09BB17FC91F}"
EndProject
Project("{FAE04EC0-301F-11D3-BF4B-00C04F79EFBC}") = "Not.Krud", "..\nugets\Not.Krud\Not.Krud.csproj", "{F436B1E5-91EB-4671-9C2E-448BF1864C2E}"
EndProject
Project("{FAE04EC0-301F-11D3-BF4B-00C04F79EFBC}") = "NTS.Witness.Contracts", "Apps\Witness\NTS.Witness.Contracts\NTS.Witness.Contracts.csproj", "{81DAFA13-F85F-4E19-9259-5B72EFD70D1F}"
EndProject
Project("{FAE04EC0-301F-11D3-BF4B-00C04F79EFBC}") = "NTS.Nexus.Warp.Contracts", "Apps\Nexus\NTS.Nexus.Warp.Contracts\NTS.Nexus.Warp.Contracts.csproj", "{1064F25D-273E-483A-9EDE-33F7A4CCC632}"
EndProject
Project("{FAE04EC0-301F-11D3-BF4B-00C04F79EFBC}") = "Not.Server", "..\nugets\Not.Server\Not.Server.csproj", "{F7BBFBE0-A6DF-4650-BCFA-74A97D2C8B1E}"
EndProject
Project("{FAE04EC0-301F-11D3-BF4B-00C04F79EFBC}") = "Not.Blazor.Client", "..\nugets\Not.Blazor.Client\Not.Blazor.Client.csproj", "{B7F6A9FE-3F68-40F0-96CD-916BEA63500F}"
EndProject
Project("{FAE04EC0-301F-11D3-BF4B-00C04F79EFBC}") = "NTS.Judge.Contracts", "Apps\Judge\NTS.Judge.Contracts\NTS.Judge.Contracts.csproj", "{C18F95E9-A5B7-4067-94EE-319FEEE99EB4}"
EndProject
Project("{FAE04EC0-301F-11D3-BF4B-00C04F79EFBC}") = "NTS.Application.Contracts", "NTS.Application.Contracts\NTS.Application.Contracts.csproj", "{E81D9145-C258-4EF6-89DF-C52FA42DF066}"
EndProject
Project("{FAE04EC0-301F-11D3-BF4B-00C04F79EFBC}") = "NTS.Tests.Integration", "..\tests\NTS.Tests.Integration\NTS.Tests.Integration.csproj", "{62B436CC-A851-B8B1-8BFD-F90E9F43C2F4}"
EndProject
Global
	GlobalSection(SolutionConfigurationPlatforms) = preSolution
		Debug|Any CPU = Debug|Any CPU
		Release|Any CPU = Release|Any CPU
	EndGlobalSection
	GlobalSection(ProjectConfigurationPlatforms) = postSolution
		{74A941A8-1508-6AEF-4AAB-8D47AFF5C488}.Debug|Any CPU.ActiveCfg = Debug|Any CPU
		{74A941A8-1508-6AEF-4AAB-8D47AFF5C488}.Debug|Any CPU.Build.0 = Debug|Any CPU
		{74A941A8-1508-6AEF-4AAB-8D47AFF5C488}.Release|Any CPU.ActiveCfg = Release|Any CPU
		{74A941A8-1508-6AEF-4AAB-8D47AFF5C488}.Release|Any CPU.Build.0 = Release|Any CPU
		{007EEDC6-181B-3BDB-5B13-FEC5B9852297}.Debug|Any CPU.ActiveCfg = Debug|Any CPU
		{007EEDC6-181B-3BDB-5B13-FEC5B9852297}.Debug|Any CPU.Build.0 = Debug|Any CPU
		{007EEDC6-181B-3BDB-5B13-FEC5B9852297}.Release|Any CPU.ActiveCfg = Release|Any CPU
		{007EEDC6-181B-3BDB-5B13-FEC5B9852297}.Release|Any CPU.Build.0 = Release|Any CPU
		{A5DCACD0-937D-E47B-058A-27E3D4FB3345}.Debug|Any CPU.ActiveCfg = Debug|Any CPU
		{A5DCACD0-937D-E47B-058A-27E3D4FB3345}.Debug|Any CPU.Build.0 = Debug|Any CPU
		{A5DCACD0-937D-E47B-058A-27E3D4FB3345}.Release|Any CPU.ActiveCfg = Release|Any CPU
		{A5DCACD0-937D-E47B-058A-27E3D4FB3345}.Release|Any CPU.Build.0 = Release|Any CPU
		{8BB4235B-52AD-F414-B630-B5F37362D02F}.Debug|Any CPU.ActiveCfg = Debug|Any CPU
		{8BB4235B-52AD-F414-B630-B5F37362D02F}.Debug|Any CPU.Build.0 = Debug|Any CPU
		{8BB4235B-52AD-F414-B630-B5F37362D02F}.Release|Any CPU.ActiveCfg = Release|Any CPU
		{8BB4235B-52AD-F414-B630-B5F37362D02F}.Release|Any CPU.Build.0 = Release|Any CPU
		{221AB4C4-273B-E122-01FA-10DBD45507D6}.Debug|Any CPU.ActiveCfg = Debug|Any CPU
		{221AB4C4-273B-E122-01FA-10DBD45507D6}.Debug|Any CPU.Build.0 = Debug|Any CPU
		{221AB4C4-273B-E122-01FA-10DBD45507D6}.Release|Any CPU.ActiveCfg = Release|Any CPU
		{221AB4C4-273B-E122-01FA-10DBD45507D6}.Release|Any CPU.Build.0 = Release|Any CPU
		{C1ED8942-4D75-9D1D-8E92-67DB49516685}.Debug|Any CPU.ActiveCfg = Debug|Any CPU
		{C1ED8942-4D75-9D1D-8E92-67DB49516685}.Debug|Any CPU.Build.0 = Debug|Any CPU
		{C1ED8942-4D75-9D1D-8E92-67DB49516685}.Release|Any CPU.ActiveCfg = Release|Any CPU
		{C1ED8942-4D75-9D1D-8E92-67DB49516685}.Release|Any CPU.Build.0 = Release|Any CPU
		{A3AB3712-2509-2669-35AC-53F56EE2B7CE}.Debug|Any CPU.ActiveCfg = Debug|Any CPU
		{A3AB3712-2509-2669-35AC-53F56EE2B7CE}.Debug|Any CPU.Build.0 = Debug|Any CPU
		{A3AB3712-2509-2669-35AC-53F56EE2B7CE}.Release|Any CPU.ActiveCfg = Release|Any CPU
		{A3AB3712-2509-2669-35AC-53F56EE2B7CE}.Release|Any CPU.Build.0 = Release|Any CPU
		{D5090B3E-40CF-3B57-B385-2CEAEABEB1AF}.Debug|Any CPU.ActiveCfg = Debug|Any CPU
		{D5090B3E-40CF-3B57-B385-2CEAEABEB1AF}.Debug|Any CPU.Build.0 = Debug|Any CPU
		{D5090B3E-40CF-3B57-B385-2CEAEABEB1AF}.Release|Any CPU.ActiveCfg = Release|Any CPU
		{D5090B3E-40CF-3B57-B385-2CEAEABEB1AF}.Release|Any CPU.Build.0 = Release|Any CPU
		{3BBFD7F7-5EBB-9FA4-B788-AF45E4960208}.Debug|Any CPU.ActiveCfg = Debug|Any CPU
		{3BBFD7F7-5EBB-9FA4-B788-AF45E4960208}.Debug|Any CPU.Build.0 = Debug|Any CPU
		{3BBFD7F7-5EBB-9FA4-B788-AF45E4960208}.Release|Any CPU.ActiveCfg = Release|Any CPU
		{3BBFD7F7-5EBB-9FA4-B788-AF45E4960208}.Release|Any CPU.Build.0 = Release|Any CPU
		{ACC0C599-B4E1-F21A-DBC8-57A487C321F7}.Debug|Any CPU.ActiveCfg = Debug|Any CPU
		{ACC0C599-B4E1-F21A-DBC8-57A487C321F7}.Debug|Any CPU.Build.0 = Debug|Any CPU
		{ACC0C599-B4E1-F21A-DBC8-57A487C321F7}.Release|Any CPU.ActiveCfg = Release|Any CPU
		{ACC0C599-B4E1-F21A-DBC8-57A487C321F7}.Release|Any CPU.Build.0 = Release|Any CPU
		{83AF25AC-E8A1-7177-6B05-518A4717C909}.Debug|Any CPU.ActiveCfg = Debug|Any CPU
		{83AF25AC-E8A1-7177-6B05-518A4717C909}.Debug|Any CPU.Build.0 = Debug|Any CPU
		{83AF25AC-E8A1-7177-6B05-518A4717C909}.Release|Any CPU.ActiveCfg = Release|Any CPU
		{83AF25AC-E8A1-7177-6B05-518A4717C909}.Release|Any CPU.Build.0 = Release|Any CPU
		{EDCE524F-4050-3BA1-3881-71AEDCAFB0A7}.Debug|Any CPU.ActiveCfg = Debug|Any CPU
		{EDCE524F-4050-3BA1-3881-71AEDCAFB0A7}.Debug|Any CPU.Build.0 = Debug|Any CPU
		{EDCE524F-4050-3BA1-3881-71AEDCAFB0A7}.Release|Any CPU.ActiveCfg = Release|Any CPU
		{EDCE524F-4050-3BA1-3881-71AEDCAFB0A7}.Release|Any CPU.Build.0 = Release|Any CPU
		{E66FA455-5DF5-521A-0370-A6CC46640A1E}.Debug|Any CPU.ActiveCfg = Debug|Any CPU
		{E66FA455-5DF5-521A-0370-A6CC46640A1E}.Debug|Any CPU.Build.0 = Debug|Any CPU
		{E66FA455-5DF5-521A-0370-A6CC46640A1E}.Release|Any CPU.ActiveCfg = Release|Any CPU
		{E66FA455-5DF5-521A-0370-A6CC46640A1E}.Release|Any CPU.Build.0 = Release|Any CPU
		{E842970D-48A2-4FB1-4F74-8D70B91DA00B}.Debug|Any CPU.ActiveCfg = Debug|Any CPU
		{E842970D-48A2-4FB1-4F74-8D70B91DA00B}.Debug|Any CPU.Build.0 = Debug|Any CPU
		{E842970D-48A2-4FB1-4F74-8D70B91DA00B}.Release|Any CPU.ActiveCfg = Release|Any CPU
		{E842970D-48A2-4FB1-4F74-8D70B91DA00B}.Release|Any CPU.Build.0 = Release|Any CPU
		{570DD9C4-E2DD-A3DF-5CDA-2C157DFB956B}.Debug|Any CPU.ActiveCfg = Debug|Any CPU
		{570DD9C4-E2DD-A3DF-5CDA-2C157DFB956B}.Debug|Any CPU.Build.0 = Debug|Any CPU
		{570DD9C4-E2DD-A3DF-5CDA-2C157DFB956B}.Release|Any CPU.ActiveCfg = Release|Any CPU
		{570DD9C4-E2DD-A3DF-5CDA-2C157DFB956B}.Release|Any CPU.Build.0 = Release|Any CPU
		{6F19DF71-6B99-9353-E19B-443585A9C8F0}.Debug|Any CPU.ActiveCfg = Debug|Any CPU
		{6F19DF71-6B99-9353-E19B-443585A9C8F0}.Debug|Any CPU.Build.0 = Debug|Any CPU
		{6F19DF71-6B99-9353-E19B-443585A9C8F0}.Release|Any CPU.ActiveCfg = Release|Any CPU
		{6F19DF71-6B99-9353-E19B-443585A9C8F0}.Release|Any CPU.Build.0 = Release|Any CPU
		{442BC1DE-FF67-A4FE-D759-C77D13FDC05C}.Debug|Any CPU.ActiveCfg = Debug|Any CPU
		{442BC1DE-FF67-A4FE-D759-C77D13FDC05C}.Debug|Any CPU.Build.0 = Debug|Any CPU
		{442BC1DE-FF67-A4FE-D759-C77D13FDC05C}.Release|Any CPU.ActiveCfg = Release|Any CPU
		{442BC1DE-FF67-A4FE-D759-C77D13FDC05C}.Release|Any CPU.Build.0 = Release|Any CPU
		{7D56ECC6-A704-FC56-C414-8F5851C7B59D}.Debug|Any CPU.ActiveCfg = Debug|Any CPU
		{7D56ECC6-A704-FC56-C414-8F5851C7B59D}.Debug|Any CPU.Build.0 = Debug|Any CPU
		{7D56ECC6-A704-FC56-C414-8F5851C7B59D}.Release|Any CPU.ActiveCfg = Release|Any CPU
		{7D56ECC6-A704-FC56-C414-8F5851C7B59D}.Release|Any CPU.Build.0 = Release|Any CPU
		{CB2A286C-CAC8-5A03-D986-B436031B72AE}.Debug|Any CPU.ActiveCfg = Debug|Any CPU
		{CB2A286C-CAC8-5A03-D986-B436031B72AE}.Debug|Any CPU.Build.0 = Debug|Any CPU
		{CB2A286C-CAC8-5A03-D986-B436031B72AE}.Release|Any CPU.ActiveCfg = Release|Any CPU
		{CB2A286C-CAC8-5A03-D986-B436031B72AE}.Release|Any CPU.Build.0 = Release|Any CPU
		{55BAA876-437F-103D-3E76-157945677EE5}.Debug|Any CPU.ActiveCfg = Debug|Any CPU
		{55BAA876-437F-103D-3E76-157945677EE5}.Debug|Any CPU.Build.0 = Debug|Any CPU
		{55BAA876-437F-103D-3E76-157945677EE5}.Release|Any CPU.ActiveCfg = Release|Any CPU
		{55BAA876-437F-103D-3E76-157945677EE5}.Release|Any CPU.Build.0 = Release|Any CPU
		{FF64199D-F13D-7446-D3B1-B571B254BEDB}.Debug|Any CPU.ActiveCfg = Debug|Any CPU
		{FF64199D-F13D-7446-D3B1-B571B254BEDB}.Debug|Any CPU.Build.0 = Debug|Any CPU
		{FF64199D-F13D-7446-D3B1-B571B254BEDB}.Release|Any CPU.ActiveCfg = Release|Any CPU
		{FF64199D-F13D-7446-D3B1-B571B254BEDB}.Release|Any CPU.Build.0 = Release|Any CPU
		{5F3D9CA0-B52C-58A3-DDF3-CFAA62251C99}.Debug|Any CPU.ActiveCfg = Debug|Any CPU
		{5F3D9CA0-B52C-58A3-DDF3-CFAA62251C99}.Debug|Any CPU.Build.0 = Debug|Any CPU
		{5F3D9CA0-B52C-58A3-DDF3-CFAA62251C99}.Release|Any CPU.ActiveCfg = Release|Any CPU
		{5F3D9CA0-B52C-58A3-DDF3-CFAA62251C99}.Release|Any CPU.Build.0 = Release|Any CPU
		{FAA5A641-0440-FAA4-5740-E09BB17FC91F}.Debug|Any CPU.ActiveCfg = Debug|Any CPU
		{FAA5A641-0440-FAA4-5740-E09BB17FC91F}.Debug|Any CPU.Build.0 = Debug|Any CPU
		{FAA5A641-0440-FAA4-5740-E09BB17FC91F}.Release|Any CPU.ActiveCfg = Release|Any CPU
		{FAA5A641-0440-FAA4-5740-E09BB17FC91F}.Release|Any CPU.Build.0 = Release|Any CPU
		{F436B1E5-91EB-4671-9C2E-448BF1864C2E}.Debug|Any CPU.ActiveCfg = Debug|Any CPU
		{F436B1E5-91EB-4671-9C2E-448BF1864C2E}.Debug|Any CPU.Build.0 = Debug|Any CPU
		{F436B1E5-91EB-4671-9C2E-448BF1864C2E}.Release|Any CPU.ActiveCfg = Release|Any CPU
		{F436B1E5-91EB-4671-9C2E-448BF1864C2E}.Release|Any CPU.Build.0 = Release|Any CPU
		{81DAFA13-F85F-4E19-9259-5B72EFD70D1F}.Debug|Any CPU.ActiveCfg = Debug|Any CPU
		{81DAFA13-F85F-4E19-9259-5B72EFD70D1F}.Debug|Any CPU.Build.0 = Debug|Any CPU
		{81DAFA13-F85F-4E19-9259-5B72EFD70D1F}.Release|Any CPU.ActiveCfg = Release|Any CPU
		{81DAFA13-F85F-4E19-9259-5B72EFD70D1F}.Release|Any CPU.Build.0 = Release|Any CPU
		{1064F25D-273E-483A-9EDE-33F7A4CCC632}.Debug|Any CPU.ActiveCfg = Debug|Any CPU
		{1064F25D-273E-483A-9EDE-33F7A4CCC632}.Debug|Any CPU.Build.0 = Debug|Any CPU
		{1064F25D-273E-483A-9EDE-33F7A4CCC632}.Release|Any CPU.ActiveCfg = Release|Any CPU
		{1064F25D-273E-483A-9EDE-33F7A4CCC632}.Release|Any CPU.Build.0 = Release|Any CPU
		{F7BBFBE0-A6DF-4650-BCFA-74A97D2C8B1E}.Debug|Any CPU.ActiveCfg = Debug|Any CPU
		{F7BBFBE0-A6DF-4650-BCFA-74A97D2C8B1E}.Debug|Any CPU.Build.0 = Debug|Any CPU
		{F7BBFBE0-A6DF-4650-BCFA-74A97D2C8B1E}.Release|Any CPU.ActiveCfg = Release|Any CPU
		{F7BBFBE0-A6DF-4650-BCFA-74A97D2C8B1E}.Release|Any CPU.Build.0 = Release|Any CPU
		{B7F6A9FE-3F68-40F0-96CD-916BEA63500F}.Debug|Any CPU.ActiveCfg = Debug|Any CPU
		{B7F6A9FE-3F68-40F0-96CD-916BEA63500F}.Debug|Any CPU.Build.0 = Debug|Any CPU
		{B7F6A9FE-3F68-40F0-96CD-916BEA63500F}.Release|Any CPU.ActiveCfg = Release|Any CPU
		{B7F6A9FE-3F68-40F0-96CD-916BEA63500F}.Release|Any CPU.Build.0 = Release|Any CPU
		{C18F95E9-A5B7-4067-94EE-319FEEE99EB4}.Debug|Any CPU.ActiveCfg = Debug|Any CPU
		{C18F95E9-A5B7-4067-94EE-319FEEE99EB4}.Debug|Any CPU.Build.0 = Debug|Any CPU
		{C18F95E9-A5B7-4067-94EE-319FEEE99EB4}.Release|Any CPU.ActiveCfg = Release|Any CPU
		{C18F95E9-A5B7-4067-94EE-319FEEE99EB4}.Release|Any CPU.Build.0 = Release|Any CPU
		{E81D9145-C258-4EF6-89DF-C52FA42DF066}.Debug|Any CPU.ActiveCfg = Debug|Any CPU
		{E81D9145-C258-4EF6-89DF-C52FA42DF066}.Debug|Any CPU.Build.0 = Debug|Any CPU
		{E81D9145-C258-4EF6-89DF-C52FA42DF066}.Release|Any CPU.ActiveCfg = Release|Any CPU
		{E81D9145-C258-4EF6-89DF-C52FA42DF066}.Release|Any CPU.Build.0 = Release|Any CPU
		{62B436CC-A851-B8B1-8BFD-F90E9F43C2F4}.Debug|Any CPU.ActiveCfg = Debug|Any CPU
		{62B436CC-A851-B8B1-8BFD-F90E9F43C2F4}.Debug|Any CPU.Build.0 = Debug|Any CPU
		{62B436CC-A851-B8B1-8BFD-F90E9F43C2F4}.Release|Any CPU.ActiveCfg = Release|Any CPU
		{62B436CC-A851-B8B1-8BFD-F90E9F43C2F4}.Release|Any CPU.Build.0 = Release|Any CPU
	EndGlobalSection
	GlobalSection(SolutionProperties) = preSolution
		HideSolutionNode = FALSE
	EndGlobalSection
	GlobalSection(NestedProjects) = preSolution
		{221AB4C4-273B-E122-01FA-10DBD45507D6} = {04170EC0-2478-4DB1-A7DB-D6051D47980F}
		{C1ED8942-4D75-9D1D-8E92-67DB49516685} = {04170EC0-2478-4DB1-A7DB-D6051D47980F}
		{A3AB3712-2509-2669-35AC-53F56EE2B7CE} = {04170EC0-2478-4DB1-A7DB-D6051D47980F}
		{D5090B3E-40CF-3B57-B385-2CEAEABEB1AF} = {04170EC0-2478-4DB1-A7DB-D6051D47980F}
		{2C1DE028-5379-4E90-8D73-7020BD8FF922} = {02EA681E-C7D8-13C7-8484-4AC65E1B71E8}
		{0B1034D7-3A6A-48F9-BBB3-411A4BA87446} = {02EA681E-C7D8-13C7-8484-4AC65E1B71E8}
		{79119FC8-F05F-4218-A46B-5AD800FA29E3} = {02EA681E-C7D8-13C7-8484-4AC65E1B71E8}
		{3BBFD7F7-5EBB-9FA4-B788-AF45E4960208} = {2C1DE028-5379-4E90-8D73-7020BD8FF922}
		{ACC0C599-B4E1-F21A-DBC8-57A487C321F7} = {2C1DE028-5379-4E90-8D73-7020BD8FF922}
		{83AF25AC-E8A1-7177-6B05-518A4717C909} = {2C1DE028-5379-4E90-8D73-7020BD8FF922}
		{EDCE524F-4050-3BA1-3881-71AEDCAFB0A7} = {79119FC8-F05F-4218-A46B-5AD800FA29E3}
		{E66FA455-5DF5-521A-0370-A6CC46640A1E} = {79119FC8-F05F-4218-A46B-5AD800FA29E3}
		{E842970D-48A2-4FB1-4F74-8D70B91DA00B} = {0B1034D7-3A6A-48F9-BBB3-411A4BA87446}
		{570DD9C4-E2DD-A3DF-5CDA-2C157DFB956B} = {0B1034D7-3A6A-48F9-BBB3-411A4BA87446}
		{6F19DF71-6B99-9353-E19B-443585A9C8F0} = {0B1034D7-3A6A-48F9-BBB3-411A4BA87446}
		{442BC1DE-FF67-A4FE-D759-C77D13FDC05C} = {06233005-CC56-4846-8760-F7AFF5F72F4C}
		{7D56ECC6-A704-FC56-C414-8F5851C7B59D} = {06233005-CC56-4846-8760-F7AFF5F72F4C}
		{CB2A286C-CAC8-5A03-D986-B436031B72AE} = {06233005-CC56-4846-8760-F7AFF5F72F4C}
		{55BAA876-437F-103D-3E76-157945677EE5} = {06233005-CC56-4846-8760-F7AFF5F72F4C}
		{FF64199D-F13D-7446-D3B1-B571B254BEDB} = {06233005-CC56-4846-8760-F7AFF5F72F4C}
		{5F3D9CA0-B52C-58A3-DDF3-CFAA62251C99} = {06233005-CC56-4846-8760-F7AFF5F72F4C}
		{FAA5A641-0440-FAA4-5740-E09BB17FC91F} = {06233005-CC56-4846-8760-F7AFF5F72F4C}
		{F436B1E5-91EB-4671-9C2E-448BF1864C2E} = {06233005-CC56-4846-8760-F7AFF5F72F4C}
		{81DAFA13-F85F-4E19-9259-5B72EFD70D1F} = {0B1034D7-3A6A-48F9-BBB3-411A4BA87446}
		{1064F25D-273E-483A-9EDE-33F7A4CCC632} = {79119FC8-F05F-4218-A46B-5AD800FA29E3}
		{F7BBFBE0-A6DF-4650-BCFA-74A97D2C8B1E} = {06233005-CC56-4846-8760-F7AFF5F72F4C}
		{B7F6A9FE-3F68-40F0-96CD-916BEA63500F} = {06233005-CC56-4846-8760-F7AFF5F72F4C}
		{C18F95E9-A5B7-4067-94EE-319FEEE99EB4} = {2C1DE028-5379-4E90-8D73-7020BD8FF922}
		{62B436CC-A851-B8B1-8BFD-F90E9F43C2F4} = {5C7D55A8-3B7B-409B-971E-3122C1B41690}
	EndGlobalSection
	GlobalSection(ExtensibilityGlobals) = postSolution
		SolutionGuid = {3CB609D9-5D54-4C11-A371-DAAC8B74E430}
	EndGlobalSection
EndGlobal
